
Microsoft Visual Studio Solution File, Format Version 12.00
# Visual Studio 15
VisualStudioVersion = 15.0.27703.2047
MinimumVisualStudioVersion = 10.0.40219.1
Project("{FAE04EC0-301F-11D3-BF4B-00C04F79EFBC}") = "ClasesEjercicio_Clase_08", "ClasesEjercicio_Clase_08\ClasesEjercicio_Clase_08.csproj", "{461841A7-1910-4A14-B63C-4ED4CE97AEC7}"
EndProject
Global
	GlobalSection(SolutionConfigurationPlatforms) = preSolution
		Debug|Any CPU = Debug|Any CPU
		Release|Any CPU = Release|Any CPU
	EndGlobalSection
	GlobalSection(ProjectConfigurationPlatforms) = postSolution
		{461841A7-1910-4A14-B63C-4ED4CE97AEC7}.Debug|Any CPU.ActiveCfg = Debug|Any CPU
		{461841A7-1910-4A14-B63C-4ED4CE97AEC7}.Debug|Any CPU.Build.0 = Debug|Any CPU
		{461841A7-1910-4A14-B63C-4ED4CE97AEC7}.Release|Any CPU.ActiveCfg = Release|Any CPU
		{461841A7-1910-4A14-B63C-4ED4CE97AEC7}.Release|Any CPU.Build.0 = Release|Any CPU
	EndGlobalSection
	GlobalSection(SolutionProperties) = preSolution
		HideSolutionNode = FALSE
	EndGlobalSection
	GlobalSection(ExtensibilityGlobals) = postSolution
		SolutionGuid = {E885FB2E-30F4-42CC-8BE3-707383629CAC}
	EndGlobalSection
EndGlobal
