
Microsoft Visual Studio Solution File, Format Version 12.00
# Visual Studio 15
VisualStudioVersion = 15.0.27703.2047
MinimumVisualStudioVersion = 10.0.40219.1
Project("{FAE04EC0-301F-11D3-BF4B-00C04F79EFBC}") = "Clase_10", "Clase_10\Clase_10.csproj", "{8BB38779-AC39-4817-90F9-582EE223AE53}"
EndProject
Project("{FAE04EC0-301F-11D3-BF4B-00C04F79EFBC}") = "FormularioClase_10", "FormularioClase_10\FormularioClase_10.csproj", "{805767DF-BC93-4F94-916A-B1F1724568E7}"
EndProject
Global
	GlobalSection(SolutionConfigurationPlatforms) = preSolution
		Debug|Any CPU = Debug|Any CPU
		Release|Any CPU = Release|Any CPU
	EndGlobalSection
	GlobalSection(ProjectConfigurationPlatforms) = postSolution
		{8BB38779-AC39-4817-90F9-582EE223AE53}.Debug|Any CPU.ActiveCfg = Debug|Any CPU
		{8BB38779-AC39-4817-90F9-582EE223AE53}.Debug|Any CPU.Build.0 = Debug|Any CPU
		{8BB38779-AC39-4817-90F9-582EE223AE53}.Release|Any CPU.ActiveCfg = Release|Any CPU
		{8BB38779-AC39-4817-90F9-582EE223AE53}.Release|Any CPU.Build.0 = Release|Any CPU
		{805767DF-BC93-4F94-916A-B1F1724568E7}.Debug|Any CPU.ActiveCfg = Debug|Any CPU
		{805767DF-BC93-4F94-916A-B1F1724568E7}.Debug|Any CPU.Build.0 = Debug|Any CPU
		{805767DF-BC93-4F94-916A-B1F1724568E7}.Release|Any CPU.ActiveCfg = Release|Any CPU
		{805767DF-BC93-4F94-916A-B1F1724568E7}.Release|Any CPU.Build.0 = Release|Any CPU
	EndGlobalSection
	GlobalSection(SolutionProperties) = preSolution
		HideSolutionNode = FALSE
	EndGlobalSection
	GlobalSection(ExtensibilityGlobals) = postSolution
		SolutionGuid = {67E709A6-356E-4B0E-9747-E3F7AA5D9E34}
	EndGlobalSection
EndGlobal
