
Microsoft Visual Studio Solution File, Format Version 12.00
# Visual Studio 15
VisualStudioVersion = 15.0.27703.2047
MinimumVisualStudioVersion = 10.0.40219.1
Project("{FAE04EC0-301F-11D3-BF4B-00C04F79EFBC}") = "CentralitaHerencia", "CentralitaHerencia\CentralitaHerencia.csproj", "{66C2063C-FD69-41FE-A878-CDB2DFCB41E6}"
EndProject
Global
	GlobalSection(SolutionConfigurationPlatforms) = preSolution
		Debug|Any CPU = Debug|Any CPU
		Release|Any CPU = Release|Any CPU
	EndGlobalSection
	GlobalSection(ProjectConfigurationPlatforms) = postSolution
		{66C2063C-FD69-41FE-A878-CDB2DFCB41E6}.Debug|Any CPU.ActiveCfg = Debug|Any CPU
		{66C2063C-FD69-41FE-A878-CDB2DFCB41E6}.Debug|Any CPU.Build.0 = Debug|Any CPU
		{66C2063C-FD69-41FE-A878-CDB2DFCB41E6}.Release|Any CPU.ActiveCfg = Release|Any CPU
		{66C2063C-FD69-41FE-A878-CDB2DFCB41E6}.Release|Any CPU.Build.0 = Release|Any CPU
	EndGlobalSection
	GlobalSection(SolutionProperties) = preSolution
		HideSolutionNode = FALSE
	EndGlobalSection
	GlobalSection(ExtensibilityGlobals) = postSolution
		SolutionGuid = {94DB5F64-EF5E-4B1A-BBF8-190DEA5E35F9}
	EndGlobalSection
EndGlobal
