
Microsoft Visual Studio Solution File, Format Version 12.00
# Visual Studio 15
VisualStudioVersion = 15.0.27703.2047
MinimumVisualStudioVersion = 10.0.40219.1
Project("{FAE04EC0-301F-11D3-BF4B-00C04F79EFBC}") = "Conversor", "Conversor\Conversor.csproj", "{242AD29A-CBC4-41D2-A790-5FAFCBA48F9A}"
EndProject
Project("{FAE04EC0-301F-11D3-BF4B-00C04F79EFBC}") = "Moneda", "Moneda\Moneda.csproj", "{00E38E7F-BD27-4DFF-850A-B95B68D76F69}"
EndProject
Global
	GlobalSection(SolutionConfigurationPlatforms) = preSolution
		Debug|Any CPU = Debug|Any CPU
		Release|Any CPU = Release|Any CPU
	EndGlobalSection
	GlobalSection(ProjectConfigurationPlatforms) = postSolution
		{242AD29A-CBC4-41D2-A790-5FAFCBA48F9A}.Debug|Any CPU.ActiveCfg = Debug|Any CPU
		{242AD29A-CBC4-41D2-A790-5FAFCBA48F9A}.Debug|Any CPU.Build.0 = Debug|Any CPU
		{242AD29A-CBC4-41D2-A790-5FAFCBA48F9A}.Release|Any CPU.ActiveCfg = Release|Any CPU
		{242AD29A-CBC4-41D2-A790-5FAFCBA48F9A}.Release|Any CPU.Build.0 = Release|Any CPU
		{00E38E7F-BD27-4DFF-850A-B95B68D76F69}.Debug|Any CPU.ActiveCfg = Debug|Any CPU
		{00E38E7F-BD27-4DFF-850A-B95B68D76F69}.Debug|Any CPU.Build.0 = Debug|Any CPU
		{00E38E7F-BD27-4DFF-850A-B95B68D76F69}.Release|Any CPU.ActiveCfg = Release|Any CPU
		{00E38E7F-BD27-4DFF-850A-B95B68D76F69}.Release|Any CPU.Build.0 = Release|Any CPU
	EndGlobalSection
	GlobalSection(SolutionProperties) = preSolution
		HideSolutionNode = FALSE
	EndGlobalSection
	GlobalSection(ExtensibilityGlobals) = postSolution
		SolutionGuid = {81760CB6-1E34-4CC5-9360-7E3415815ADD}
	EndGlobalSection
EndGlobal
