
Microsoft Visual Studio Solution File, Format Version 12.00
# Visual Studio 15
VisualStudioVersion = 15.0.27703.2047
MinimumVisualStudioVersion = 10.0.40219.1
Project("{FAE04EC0-301F-11D3-BF4B-00C04F79EFBC}") = "Entidades", "Entidades\Entidades.csproj", "{F52E957A-A4F2-4767-A798-45A93387C57B}"
EndProject
Global
	GlobalSection(SolutionConfigurationPlatforms) = preSolution
		Debug|Any CPU = Debug|Any CPU
		Release|Any CPU = Release|Any CPU
	EndGlobalSection
	GlobalSection(ProjectConfigurationPlatforms) = postSolution
		{F52E957A-A4F2-4767-A798-45A93387C57B}.Debug|Any CPU.ActiveCfg = Debug|Any CPU
		{F52E957A-A4F2-4767-A798-45A93387C57B}.Debug|Any CPU.Build.0 = Debug|Any CPU
		{F52E957A-A4F2-4767-A798-45A93387C57B}.Release|Any CPU.ActiveCfg = Release|Any CPU
		{F52E957A-A4F2-4767-A798-45A93387C57B}.Release|Any CPU.Build.0 = Release|Any CPU
	EndGlobalSection
	GlobalSection(SolutionProperties) = preSolution
		HideSolutionNode = FALSE
	EndGlobalSection
	GlobalSection(ExtensibilityGlobals) = postSolution
		SolutionGuid = {B3518D2A-4946-4560-B178-D7A632C80D46}
	EndGlobalSection
EndGlobal
