
Microsoft Visual Studio Solution File, Format Version 12.00
# Visual Studio Version 16
VisualStudioVersion = 16.0.30002.166
MinimumVisualStudioVersion = 10.0.40219.1
Project("{FAE04EC0-301F-11D3-BF4B-00C04F79EFBC}") = "Ejercicio56", "Ejercicio56\Ejercicio56.csproj", "{A1F13685-87E9-4C64-888C-BB5B09903E96}"
EndProject
Global
	GlobalSection(SolutionConfigurationPlatforms) = preSolution
		Debug|Any CPU = Debug|Any CPU
		Release|Any CPU = Release|Any CPU
	EndGlobalSection
	GlobalSection(ProjectConfigurationPlatforms) = postSolution
		{A1F13685-87E9-4C64-888C-BB5B09903E96}.Debug|Any CPU.ActiveCfg = Debug|Any CPU
		{A1F13685-87E9-4C64-888C-BB5B09903E96}.Debug|Any CPU.Build.0 = Debug|Any CPU
		{A1F13685-87E9-4C64-888C-BB5B09903E96}.Release|Any CPU.ActiveCfg = Release|Any CPU
		{A1F13685-87E9-4C64-888C-BB5B09903E96}.Release|Any CPU.Build.0 = Release|Any CPU
	EndGlobalSection
	GlobalSection(SolutionProperties) = preSolution
		HideSolutionNode = FALSE
	EndGlobalSection
	GlobalSection(ExtensibilityGlobals) = postSolution
		SolutionGuid = {D9FFC9A8-736E-4900-9BCE-ABEC6823AD52}
	EndGlobalSection
EndGlobal
