
Microsoft Visual Studio Solution File, Format Version 12.00
# Visual Studio Version 16
VisualStudioVersion = 16.0.29025.244
MinimumVisualStudioVersion = 10.0.40219.1
Project("{FAE04EC0-301F-11D3-BF4B-00C04F79EFBC}") = "Entidades", "Entidades.csproj", "{6FDCB321-61D2-4B1A-B93E-4DF307C524F0}"
EndProject
Global
	GlobalSection(SolutionConfigurationPlatforms) = preSolution
		Debug|Any CPU = Debug|Any CPU
		Release|Any CPU = Release|Any CPU
	EndGlobalSection
	GlobalSection(ProjectConfigurationPlatforms) = postSolution
		{6FDCB321-61D2-4B1A-B93E-4DF307C524F0}.Debug|Any CPU.ActiveCfg = Debug|Any CPU
		{6FDCB321-61D2-4B1A-B93E-4DF307C524F0}.Debug|Any CPU.Build.0 = Debug|Any CPU
		{6FDCB321-61D2-4B1A-B93E-4DF307C524F0}.Release|Any CPU.ActiveCfg = Release|Any CPU
		{6FDCB321-61D2-4B1A-B93E-4DF307C524F0}.Release|Any CPU.Build.0 = Release|Any CPU
	EndGlobalSection
	GlobalSection(SolutionProperties) = preSolution
		HideSolutionNode = FALSE
	EndGlobalSection
	GlobalSection(ExtensibilityGlobals) = postSolution
		SolutionGuid = {EF508E62-E8BE-4E7A-A5BB-BB0F687FC503}
	EndGlobalSection
EndGlobal
