
Microsoft Visual Studio Solution File, Format Version 12.00
# Visual Studio Version 16
VisualStudioVersion = 16.0.30002.166
MinimumVisualStudioVersion = 10.0.40219.1
Project("{FAE04EC0-301F-11D3-BF4B-00C04F79EFBC}") = "Entidades", "Entidades\Entidades.csproj", "{748C52F6-84BF-4FE5-955B-574BD4DC9DD1}"
EndProject
Project("{FAE04EC0-301F-11D3-BF4B-00C04F79EFBC}") = "VistaConsola", "VistaConsola\VistaConsola.csproj", "{00C20D56-F55D-42EF-B3B7-7D7D93E91BB5}"
EndProject
Global
	GlobalSection(SolutionConfigurationPlatforms) = preSolution
		Debug|Any CPU = Debug|Any CPU
		Release|Any CPU = Release|Any CPU
	EndGlobalSection
	GlobalSection(ProjectConfigurationPlatforms) = postSolution
		{748C52F6-84BF-4FE5-955B-574BD4DC9DD1}.Debug|Any CPU.ActiveCfg = Debug|Any CPU
		{748C52F6-84BF-4FE5-955B-574BD4DC9DD1}.Debug|Any CPU.Build.0 = Debug|Any CPU
		{748C52F6-84BF-4FE5-955B-574BD4DC9DD1}.Release|Any CPU.ActiveCfg = Release|Any CPU
		{748C52F6-84BF-4FE5-955B-574BD4DC9DD1}.Release|Any CPU.Build.0 = Release|Any CPU
		{00C20D56-F55D-42EF-B3B7-7D7D93E91BB5}.Debug|Any CPU.ActiveCfg = Debug|Any CPU
		{00C20D56-F55D-42EF-B3B7-7D7D93E91BB5}.Debug|Any CPU.Build.0 = Debug|Any CPU
		{00C20D56-F55D-42EF-B3B7-7D7D93E91BB5}.Release|Any CPU.ActiveCfg = Release|Any CPU
		{00C20D56-F55D-42EF-B3B7-7D7D93E91BB5}.Release|Any CPU.Build.0 = Release|Any CPU
	EndGlobalSection
	GlobalSection(SolutionProperties) = preSolution
		HideSolutionNode = FALSE
	EndGlobalSection
	GlobalSection(ExtensibilityGlobals) = postSolution
		SolutionGuid = {7B09B1B4-90ED-43FA-BE72-31517B4F6992}
	EndGlobalSection
EndGlobal
