
Microsoft Visual Studio Solution File, Format Version 12.00
# Visual Studio Version 16
VisualStudioVersion = 16.0.29025.244
MinimumVisualStudioVersion = 10.0.40219.1
Project("{FAE04EC0-301F-11D3-BF4B-00C04F79EFBC}") = "Ejercicio_20", "Ejercicio_20.csproj", "{219265E1-99AA-407F-9400-F646B7B0EDD2}"
EndProject
Global
	GlobalSection(SolutionConfigurationPlatforms) = preSolution
		Debug|Any CPU = Debug|Any CPU
		Release|Any CPU = Release|Any CPU
	EndGlobalSection
	GlobalSection(ProjectConfigurationPlatforms) = postSolution
		{219265E1-99AA-407F-9400-F646B7B0EDD2}.Debug|Any CPU.ActiveCfg = Debug|Any CPU
		{219265E1-99AA-407F-9400-F646B7B0EDD2}.Debug|Any CPU.Build.0 = Debug|Any CPU
		{219265E1-99AA-407F-9400-F646B7B0EDD2}.Release|Any CPU.ActiveCfg = Release|Any CPU
		{219265E1-99AA-407F-9400-F646B7B0EDD2}.Release|Any CPU.Build.0 = Release|Any CPU
	EndGlobalSection
	GlobalSection(SolutionProperties) = preSolution
		HideSolutionNode = FALSE
	EndGlobalSection
	GlobalSection(ExtensibilityGlobals) = postSolution
		SolutionGuid = {B6D3F60C-F7D4-4B10-8C5C-E15B07DD9095}
	EndGlobalSection
EndGlobal
