
Microsoft Visual Studio Solution File, Format Version 12.00
# Visual Studio Version 16
VisualStudioVersion = 16.0.30002.166
MinimumVisualStudioVersion = 10.0.40219.1
Project("{FAE04EC0-301F-11D3-BF4B-00C04F79EFBC}") = "Ejercicio 32", "Ejercicio 32\Ejercicio 32.csproj", "{EDDE603F-FFF5-4724-8338-8A2B6CBE4072}"
EndProject
Global
	GlobalSection(SolutionConfigurationPlatforms) = preSolution
		Debug|Any CPU = Debug|Any CPU
		Release|Any CPU = Release|Any CPU
	EndGlobalSection
	GlobalSection(ProjectConfigurationPlatforms) = postSolution
		{EDDE603F-FFF5-4724-8338-8A2B6CBE4072}.Debug|Any CPU.ActiveCfg = Debug|Any CPU
		{EDDE603F-FFF5-4724-8338-8A2B6CBE4072}.Debug|Any CPU.Build.0 = Debug|Any CPU
		{EDDE603F-FFF5-4724-8338-8A2B6CBE4072}.Release|Any CPU.ActiveCfg = Release|Any CPU
		{EDDE603F-FFF5-4724-8338-8A2B6CBE4072}.Release|Any CPU.Build.0 = Release|Any CPU
	EndGlobalSection
	GlobalSection(SolutionProperties) = preSolution
		HideSolutionNode = FALSE
	EndGlobalSection
	GlobalSection(ExtensibilityGlobals) = postSolution
		SolutionGuid = {531BD693-9D59-405F-8F2C-68E472627785}
	EndGlobalSection
EndGlobal
